
Microsoft Visual Studio Solution File, Format Version 12.00
# Visual Studio Version 17
VisualStudioVersion = 17.4.33103.184
MinimumVisualStudioVersion = 10.0.40219.1
Project("{2150E333-8FDC-42A3-9474-1A3956D46DE8}") = "Chapter2", "Chapter2", "{6DFB0323-A11C-459E-983A-52EAE4D4C877}"
EndProject
Project("{9A19103F-16F7-4668-BE54-9A1E7A4F7556}") = "LoadDisplaySave", "LoadDisplaySave\LoadDisplaySave.csproj", "{EF808D5C-650D-4AEF-B4C9-D96AEFA74910}"
EndProject
Project("{2150E333-8FDC-42A3-9474-1A3956D46DE8}") = "Chapter4", "Chapter4", "{6F382527-B4F6-4540-B66C-B3B41FE90FC8}"
EndProject
Project("{9A19103F-16F7-4668-BE54-9A1E7A4F7556}") = "MatObjectTutorial", "MatObjectTutorial\MatObjectTutorial.csproj", "{1F8E646D-7638-4298-A69E-F20A3D571C44}"
EndProject
Project("{9A19103F-16F7-4668-BE54-9A1E7A4F7556}") = "DrawingShape", "DrawingShape\DrawingShape.csproj", "{81F94DC0-5BEB-4841-BF94-FD64C75D3076}"
EndProject
Project("{2150E333-8FDC-42A3-9474-1A3956D46DE8}") = "Chapter5", "Chapter5", "{ACD94321-22BF-4970-9886-7FC2ACBF2DD0}"
EndProject
Project("{9A19103F-16F7-4668-BE54-9A1E7A4F7556}") = "FirstImageProcessingStep", "FirstImageProcessingStep\FirstImageProcessingStep.csproj", "{99405917-7CC2-44FD-BB9E-DAC2F00C50AE}"
EndProject
Project("{2150E333-8FDC-42A3-9474-1A3956D46DE8}") = "Chapter6", "Chapter6", "{C84E8720-7368-40F2-87BB-F117A820DD42}"
EndProject
Project("{9A19103F-16F7-4668-BE54-9A1E7A4F7556}") = "ThreshodingDemo", "ThreshodingDemo\ThreshodingDemo.csproj", "{D7C08A76-CBC6-4D45-A8C7-390A28F9130A}"
EndProject
Project("{2150E333-8FDC-42A3-9474-1A3956D46DE8}") = "Chapter7", "Chapter7", "{E0548C5A-EEA1-483C-AA88-D472BA91D0C8}"
EndProject
Project("{9A19103F-16F7-4668-BE54-9A1E7A4F7556}") = "HistogramDemo", "HistogramDemo\HistogramDemo.csproj", "{2D6566D9-5208-44F1-98CC-7330FD43D60D}"
EndProject
Project("{2150E333-8FDC-42A3-9474-1A3956D46DE8}") = "Chapter8", "Chapter8", "{0C16D8ED-0EA7-4109-B928-8EF362A18B23}"
EndProject
Project("{9A19103F-16F7-4668-BE54-9A1E7A4F7556}") = "FilteringImages", "FilteringImages\FilteringImages.csproj", "{5EEBE858-0566-4B98-B6FE-00619B94CABC}"
EndProject
Project("{2150E333-8FDC-42A3-9474-1A3956D46DE8}") = "Chapter9", "Chapter9", "{FE22EE5F-13A7-4348-9E10-89FD7264A01F}"
EndProject
Project("{9A19103F-16F7-4668-BE54-9A1E7A4F7556}") = "EdgeDetection", "EdgeDetection\EdgeDetection.csproj", "{2485675C-AE98-4D85-8D5C-BBD062048A71}"
EndProject
Project("{2150E333-8FDC-42A3-9474-1A3956D46DE8}") = "Chapter10", "Chapter10", "{76AABF00-3117-49F3-849A-6EBEC635D823}"
EndProject
Project("{9A19103F-16F7-4668-BE54-9A1E7A4F7556}") = "ContourDetection", "ContourDetection\ContourDetection.csproj", "{7653EA07-4102-4126-AC85-94065D765481}"
EndProject
Project("{9A19103F-16F7-4668-BE54-9A1E7A4F7556}") = "ShapeMatching", "ShapeMatching\ShapeMatching.csproj", "{D2600F3B-0087-4866-BFEF-25896A996415}"
EndProject
Project("{9A19103F-16F7-4668-BE54-9A1E7A4F7556}") = "MissingPizza", "MissingPizza\MissingPizza.csproj", "{62D47D6B-C912-4D57-916A-1A4BD27F8D4F}"
EndProject
Project("{2150E333-8FDC-42A3-9474-1A3956D46DE8}") = "Chapter11", "Chapter11", "{FE4177B1-180B-4FB1-88AA-337010680C77}"
EndProject
Project("{9A19103F-16F7-4668-BE54-9A1E7A4F7556}") = "MorphologicalOperations", "MorphologicalOperations\MorphologicalOperations.csproj", "{88AE2478-36AE-486B-9C7A-6EAA5D5A9306}"
EndProject
Project("{2150E333-8FDC-42A3-9474-1A3956D46DE8}") = "ChapterA1", "ChapterA1", "{F01FF94B-FC21-4140-9A29-F21C088254C7}"
EndProject
Project("{9A19103F-16F7-4668-BE54-9A1E7A4F7556}") = "ColorSpaceTracking", "ColorSpaceTracking\ColorSpaceTracking.csproj", "{E2D880B5-411A-4F3C-A296-539A29625A03}"
EndProject
Project("{2150E333-8FDC-42A3-9474-1A3956D46DE8}") = "ChapterBarcode", "ChapterBarcode", "{7D5B4AD4-DC40-4057-A6EC-CD9C1AA89E9E}"
EndProject
Project("{9A19103F-16F7-4668-BE54-9A1E7A4F7556}") = "BarcodeDotNet", "BarcodeDotNet\BarcodeDotNet.csproj", "{C92B0D5E-7393-498E-9A78-FA8E97B18AC2}"
EndProject
Project("{FAE04EC0-301F-11D3-BF4B-00C04F79EFBC}") = "BarcodeCamera", "BarcodeCamera\BarcodeCamera.csproj", "{60575667-A4F5-4FC4-98E9-8BFD049BFE1F}"
EndProject
Project("{2150E333-8FDC-42A3-9474-1A3956D46DE8}") = "Camera", "Camera", "{12C29772-2829-4526-8C53-B02788CAD2CA}"
EndProject
Project("{FAE04EC0-301F-11D3-BF4B-00C04F79EFBC}") = "Camera", "Camera\Camera.csproj", "{FA939FCC-F194-45E6-BD3A-C4DE76BBFBB7}"
EndProject
Project("{FAE04EC0-301F-11D3-BF4B-00C04F79EFBC}") = "Camera1", "Camera1\Camera1.csproj", "{CEA687FE-3CCC-4448-A680-96D01968A0D2}"
EndProject
Global
	GlobalSection(SolutionConfigurationPlatforms) = preSolution
		Debug|Any CPU = Debug|Any CPU
		Release|Any CPU = Release|Any CPU
	EndGlobalSection
	GlobalSection(ProjectConfigurationPlatforms) = postSolution
		{EF808D5C-650D-4AEF-B4C9-D96AEFA74910}.Debug|Any CPU.ActiveCfg = Debug|Any CPU
		{EF808D5C-650D-4AEF-B4C9-D96AEFA74910}.Debug|Any CPU.Build.0 = Debug|Any CPU
		{EF808D5C-650D-4AEF-B4C9-D96AEFA74910}.Release|Any CPU.ActiveCfg = Release|Any CPU
		{EF808D5C-650D-4AEF-B4C9-D96AEFA74910}.Release|Any CPU.Build.0 = Release|Any CPU
		{1F8E646D-7638-4298-A69E-F20A3D571C44}.Debug|Any CPU.ActiveCfg = Debug|Any CPU
		{1F8E646D-7638-4298-A69E-F20A3D571C44}.Debug|Any CPU.Build.0 = Debug|Any CPU
		{1F8E646D-7638-4298-A69E-F20A3D571C44}.Release|Any CPU.ActiveCfg = Release|Any CPU
		{1F8E646D-7638-4298-A69E-F20A3D571C44}.Release|Any CPU.Build.0 = Release|Any CPU
		{81F94DC0-5BEB-4841-BF94-FD64C75D3076}.Debug|Any CPU.ActiveCfg = Debug|Any CPU
		{81F94DC0-5BEB-4841-BF94-FD64C75D3076}.Debug|Any CPU.Build.0 = Debug|Any CPU
		{81F94DC0-5BEB-4841-BF94-FD64C75D3076}.Release|Any CPU.ActiveCfg = Release|Any CPU
		{81F94DC0-5BEB-4841-BF94-FD64C75D3076}.Release|Any CPU.Build.0 = Release|Any CPU
		{99405917-7CC2-44FD-BB9E-DAC2F00C50AE}.Debug|Any CPU.ActiveCfg = Debug|Any CPU
		{99405917-7CC2-44FD-BB9E-DAC2F00C50AE}.Debug|Any CPU.Build.0 = Debug|Any CPU
		{99405917-7CC2-44FD-BB9E-DAC2F00C50AE}.Release|Any CPU.ActiveCfg = Release|Any CPU
		{99405917-7CC2-44FD-BB9E-DAC2F00C50AE}.Release|Any CPU.Build.0 = Release|Any CPU
		{D7C08A76-CBC6-4D45-A8C7-390A28F9130A}.Debug|Any CPU.ActiveCfg = Debug|Any CPU
		{D7C08A76-CBC6-4D45-A8C7-390A28F9130A}.Debug|Any CPU.Build.0 = Debug|Any CPU
		{D7C08A76-CBC6-4D45-A8C7-390A28F9130A}.Release|Any CPU.ActiveCfg = Release|Any CPU
		{D7C08A76-CBC6-4D45-A8C7-390A28F9130A}.Release|Any CPU.Build.0 = Release|Any CPU
		{2D6566D9-5208-44F1-98CC-7330FD43D60D}.Debug|Any CPU.ActiveCfg = Debug|Any CPU
		{2D6566D9-5208-44F1-98CC-7330FD43D60D}.Debug|Any CPU.Build.0 = Debug|Any CPU
		{2D6566D9-5208-44F1-98CC-7330FD43D60D}.Release|Any CPU.ActiveCfg = Release|Any CPU
		{2D6566D9-5208-44F1-98CC-7330FD43D60D}.Release|Any CPU.Build.0 = Release|Any CPU
		{5EEBE858-0566-4B98-B6FE-00619B94CABC}.Debug|Any CPU.ActiveCfg = Debug|Any CPU
		{5EEBE858-0566-4B98-B6FE-00619B94CABC}.Debug|Any CPU.Build.0 = Debug|Any CPU
		{5EEBE858-0566-4B98-B6FE-00619B94CABC}.Release|Any CPU.ActiveCfg = Release|Any CPU
		{5EEBE858-0566-4B98-B6FE-00619B94CABC}.Release|Any CPU.Build.0 = Release|Any CPU
		{2485675C-AE98-4D85-8D5C-BBD062048A71}.Debug|Any CPU.ActiveCfg = Debug|Any CPU
		{2485675C-AE98-4D85-8D5C-BBD062048A71}.Debug|Any CPU.Build.0 = Debug|Any CPU
		{2485675C-AE98-4D85-8D5C-BBD062048A71}.Release|Any CPU.ActiveCfg = Release|Any CPU
		{2485675C-AE98-4D85-8D5C-BBD062048A71}.Release|Any CPU.Build.0 = Release|Any CPU
		{7653EA07-4102-4126-AC85-94065D765481}.Debug|Any CPU.ActiveCfg = Debug|Any CPU
		{7653EA07-4102-4126-AC85-94065D765481}.Debug|Any CPU.Build.0 = Debug|Any CPU
		{7653EA07-4102-4126-AC85-94065D765481}.Release|Any CPU.ActiveCfg = Release|Any CPU
		{7653EA07-4102-4126-AC85-94065D765481}.Release|Any CPU.Build.0 = Release|Any CPU
		{D2600F3B-0087-4866-BFEF-25896A996415}.Debug|Any CPU.ActiveCfg = Debug|Any CPU
		{D2600F3B-0087-4866-BFEF-25896A996415}.Debug|Any CPU.Build.0 = Debug|Any CPU
		{D2600F3B-0087-4866-BFEF-25896A996415}.Release|Any CPU.ActiveCfg = Release|Any CPU
		{D2600F3B-0087-4866-BFEF-25896A996415}.Release|Any CPU.Build.0 = Release|Any CPU
		{62D47D6B-C912-4D57-916A-1A4BD27F8D4F}.Debug|Any CPU.ActiveCfg = Debug|Any CPU
		{62D47D6B-C912-4D57-916A-1A4BD27F8D4F}.Debug|Any CPU.Build.0 = Debug|Any CPU
		{62D47D6B-C912-4D57-916A-1A4BD27F8D4F}.Release|Any CPU.ActiveCfg = Release|Any CPU
		{62D47D6B-C912-4D57-916A-1A4BD27F8D4F}.Release|Any CPU.Build.0 = Release|Any CPU
		{88AE2478-36AE-486B-9C7A-6EAA5D5A9306}.Debug|Any CPU.ActiveCfg = Debug|Any CPU
		{88AE2478-36AE-486B-9C7A-6EAA5D5A9306}.Debug|Any CPU.Build.0 = Debug|Any CPU
		{88AE2478-36AE-486B-9C7A-6EAA5D5A9306}.Release|Any CPU.ActiveCfg = Release|Any CPU
		{88AE2478-36AE-486B-9C7A-6EAA5D5A9306}.Release|Any CPU.Build.0 = Release|Any CPU
		{E2D880B5-411A-4F3C-A296-539A29625A03}.Debug|Any CPU.ActiveCfg = Debug|Any CPU
		{E2D880B5-411A-4F3C-A296-539A29625A03}.Debug|Any CPU.Build.0 = Debug|Any CPU
		{E2D880B5-411A-4F3C-A296-539A29625A03}.Release|Any CPU.ActiveCfg = Release|Any CPU
		{E2D880B5-411A-4F3C-A296-539A29625A03}.Release|Any CPU.Build.0 = Release|Any CPU
		{C92B0D5E-7393-498E-9A78-FA8E97B18AC2}.Debug|Any CPU.ActiveCfg = Debug|Any CPU
		{C92B0D5E-7393-498E-9A78-FA8E97B18AC2}.Debug|Any CPU.Build.0 = Debug|Any CPU
		{C92B0D5E-7393-498E-9A78-FA8E97B18AC2}.Release|Any CPU.ActiveCfg = Release|Any CPU
		{C92B0D5E-7393-498E-9A78-FA8E97B18AC2}.Release|Any CPU.Build.0 = Release|Any CPU
		{60575667-A4F5-4FC4-98E9-8BFD049BFE1F}.Debug|Any CPU.ActiveCfg = Debug|Any CPU
		{60575667-A4F5-4FC4-98E9-8BFD049BFE1F}.Debug|Any CPU.Build.0 = Debug|Any CPU
		{60575667-A4F5-4FC4-98E9-8BFD049BFE1F}.Release|Any CPU.ActiveCfg = Release|Any CPU
		{60575667-A4F5-4FC4-98E9-8BFD049BFE1F}.Release|Any CPU.Build.0 = Release|Any CPU
		{FA939FCC-F194-45E6-BD3A-C4DE76BBFBB7}.Debug|Any CPU.ActiveCfg = Debug|Any CPU
		{FA939FCC-F194-45E6-BD3A-C4DE76BBFBB7}.Debug|Any CPU.Build.0 = Debug|Any CPU
		{FA939FCC-F194-45E6-BD3A-C4DE76BBFBB7}.Release|Any CPU.ActiveCfg = Release|Any CPU
		{FA939FCC-F194-45E6-BD3A-C4DE76BBFBB7}.Release|Any CPU.Build.0 = Release|Any CPU
		{CEA687FE-3CCC-4448-A680-96D01968A0D2}.Debug|Any CPU.ActiveCfg = Debug|Any CPU
		{CEA687FE-3CCC-4448-A680-96D01968A0D2}.Debug|Any CPU.Build.0 = Debug|Any CPU
		{CEA687FE-3CCC-4448-A680-96D01968A0D2}.Release|Any CPU.ActiveCfg = Release|Any CPU
		{CEA687FE-3CCC-4448-A680-96D01968A0D2}.Release|Any CPU.Build.0 = Release|Any CPU
	EndGlobalSection
	GlobalSection(SolutionProperties) = preSolution
		HideSolutionNode = FALSE
	EndGlobalSection
	GlobalSection(NestedProjects) = preSolution
		{EF808D5C-650D-4AEF-B4C9-D96AEFA74910} = {6DFB0323-A11C-459E-983A-52EAE4D4C877}
		{1F8E646D-7638-4298-A69E-F20A3D571C44} = {6F382527-B4F6-4540-B66C-B3B41FE90FC8}
		{81F94DC0-5BEB-4841-BF94-FD64C75D3076} = {6F382527-B4F6-4540-B66C-B3B41FE90FC8}
		{99405917-7CC2-44FD-BB9E-DAC2F00C50AE} = {ACD94321-22BF-4970-9886-7FC2ACBF2DD0}
		{D7C08A76-CBC6-4D45-A8C7-390A28F9130A} = {C84E8720-7368-40F2-87BB-F117A820DD42}
		{2D6566D9-5208-44F1-98CC-7330FD43D60D} = {E0548C5A-EEA1-483C-AA88-D472BA91D0C8}
		{5EEBE858-0566-4B98-B6FE-00619B94CABC} = {0C16D8ED-0EA7-4109-B928-8EF362A18B23}
		{2485675C-AE98-4D85-8D5C-BBD062048A71} = {FE22EE5F-13A7-4348-9E10-89FD7264A01F}
		{7653EA07-4102-4126-AC85-94065D765481} = {76AABF00-3117-49F3-849A-6EBEC635D823}
		{D2600F3B-0087-4866-BFEF-25896A996415} = {76AABF00-3117-49F3-849A-6EBEC635D823}
		{62D47D6B-C912-4D57-916A-1A4BD27F8D4F} = {76AABF00-3117-49F3-849A-6EBEC635D823}
		{88AE2478-36AE-486B-9C7A-6EAA5D5A9306} = {FE4177B1-180B-4FB1-88AA-337010680C77}
		{E2D880B5-411A-4F3C-A296-539A29625A03} = {F01FF94B-FC21-4140-9A29-F21C088254C7}
		{C92B0D5E-7393-498E-9A78-FA8E97B18AC2} = {7D5B4AD4-DC40-4057-A6EC-CD9C1AA89E9E}
		{60575667-A4F5-4FC4-98E9-8BFD049BFE1F} = {7D5B4AD4-DC40-4057-A6EC-CD9C1AA89E9E}
		{FA939FCC-F194-45E6-BD3A-C4DE76BBFBB7} = {12C29772-2829-4526-8C53-B02788CAD2CA}
		{CEA687FE-3CCC-4448-A680-96D01968A0D2} = {12C29772-2829-4526-8C53-B02788CAD2CA}
	EndGlobalSection
	GlobalSection(ExtensibilityGlobals) = postSolution
		SolutionGuid = {69627271-AD58-4A27-BFF6-491BDC99CD3C}
	EndGlobalSection
EndGlobal
